
Microsoft Visual Studio Solution File, Format Version 12.00
# Visual Studio Version 17
VisualStudioVersion = 17.1.32319.34
MinimumVisualStudioVersion = 10.0.40219.1
Project("{FAE04EC0-301F-11D3-BF4B-00C04F79EFBC}") = "bouncerBall", "bouncerBall\bouncerBall.csproj", "{D1DBFA6E-54B3-4CD3-950E-CC226F32116E}"
EndProject
Global
	GlobalSection(SolutionConfigurationPlatforms) = preSolution
		Debug|Any CPU = Debug|Any CPU
		Release|Any CPU = Release|Any CPU
	EndGlobalSection
	GlobalSection(ProjectConfigurationPlatforms) = postSolution
		{D1DBFA6E-54B3-4CD3-950E-CC226F32116E}.Debug|Any CPU.ActiveCfg = Debug|Any CPU
		{D1DBFA6E-54B3-4CD3-950E-CC226F32116E}.Debug|Any CPU.Build.0 = Debug|Any CPU
		{D1DBFA6E-54B3-4CD3-950E-CC226F32116E}.Release|Any CPU.ActiveCfg = Release|Any CPU
		{D1DBFA6E-54B3-4CD3-950E-CC226F32116E}.Release|Any CPU.Build.0 = Release|Any CPU
	EndGlobalSection
	GlobalSection(SolutionProperties) = preSolution
		HideSolutionNode = FALSE
	EndGlobalSection
	GlobalSection(ExtensibilityGlobals) = postSolution
		SolutionGuid = {1EE2DB02-202B-488B-A0BE-F3EA6C1E9E71}
	EndGlobalSection
EndGlobal
